
Microsoft Visual Studio Solution File, Format Version 12.00
# Visual Studio Version 16
VisualStudioVersion = 16.0.30523.141
MinimumVisualStudioVersion = 10.0.40219.1
Project("{FAE04EC0-301F-11D3-BF4B-00C04F79EFBC}") = "Iurcut_Catalin_Lab2", "Iurcut_Catalin_Lab2.csproj", "{AF57B872-9DEA-4EE3-9C89-A36BC14EE1C9}"
EndProject
Global
	GlobalSection(SolutionConfigurationPlatforms) = preSolution
		Debug|Any CPU = Debug|Any CPU
		Release|Any CPU = Release|Any CPU
	EndGlobalSection
	GlobalSection(ProjectConfigurationPlatforms) = postSolution
		{AF57B872-9DEA-4EE3-9C89-A36BC14EE1C9}.Debug|Any CPU.ActiveCfg = Debug|Any CPU
		{AF57B872-9DEA-4EE3-9C89-A36BC14EE1C9}.Debug|Any CPU.Build.0 = Debug|Any CPU
		{AF57B872-9DEA-4EE3-9C89-A36BC14EE1C9}.Release|Any CPU.ActiveCfg = Release|Any CPU
		{AF57B872-9DEA-4EE3-9C89-A36BC14EE1C9}.Release|Any CPU.Build.0 = Release|Any CPU
	EndGlobalSection
	GlobalSection(SolutionProperties) = preSolution
		HideSolutionNode = FALSE
	EndGlobalSection
	GlobalSection(ExtensibilityGlobals) = postSolution
		SolutionGuid = {FEE8D24A-48F2-4AC7-AE58-EDDD48AD55D1}
	EndGlobalSection
EndGlobal
